
Microsoft Visual Studio Solution File, Format Version 12.00
# Visual Studio Version 17
VisualStudioVersion = 17.3.32922.545
MinimumVisualStudioVersion = 10.0.40219.1
Project("{FAE04EC0-301F-11D3-BF4B-00C04F79EFBC}") = "RRPS.FunctionApp", "RRPS.FunctionApp\RRPS.FunctionApp.csproj", "{1C2656A7-2937-4D76-B416-922BB476A2B2}"
EndProject
Project("{FAE04EC0-301F-11D3-BF4B-00C04F79EFBC}") = "RRPS.FrontEnd", "RRPS.FrontEnd\RRPS.FrontEnd.csproj", "{CD23D540-0DEA-4846-B120-A98A6DA124AE}"
EndProject
Global
	GlobalSection(SolutionConfigurationPlatforms) = preSolution
		Debug|Any CPU = Debug|Any CPU
		Release|Any CPU = Release|Any CPU
	EndGlobalSection
	GlobalSection(ProjectConfigurationPlatforms) = postSolution
		{1C2656A7-2937-4D76-B416-922BB476A2B2}.Debug|Any CPU.ActiveCfg = Debug|Any CPU
		{1C2656A7-2937-4D76-B416-922BB476A2B2}.Debug|Any CPU.Build.0 = Debug|Any CPU
		{1C2656A7-2937-4D76-B416-922BB476A2B2}.Release|Any CPU.ActiveCfg = Release|Any CPU
		{1C2656A7-2937-4D76-B416-922BB476A2B2}.Release|Any CPU.Build.0 = Release|Any CPU
		{CD23D540-0DEA-4846-B120-A98A6DA124AE}.Debug|Any CPU.ActiveCfg = Debug|Any CPU
		{CD23D540-0DEA-4846-B120-A98A6DA124AE}.Debug|Any CPU.Build.0 = Debug|Any CPU
		{CD23D540-0DEA-4846-B120-A98A6DA124AE}.Release|Any CPU.ActiveCfg = Release|Any CPU
		{CD23D540-0DEA-4846-B120-A98A6DA124AE}.Release|Any CPU.Build.0 = Release|Any CPU
	EndGlobalSection
	GlobalSection(SolutionProperties) = preSolution
		HideSolutionNode = FALSE
	EndGlobalSection
	GlobalSection(ExtensibilityGlobals) = postSolution
		SolutionGuid = {069ACD42-F022-47B8-BDE0-4987CB6E12F6}
	EndGlobalSection
EndGlobal
